
Microsoft Visual Studio Solution File, Format Version 12.00
# Visual Studio 15
VisualStudioVersion = 15.0.26228.4
MinimumVisualStudioVersion = 10.0.40219.1
Project("{FAE04EC0-301F-11D3-BF4B-00C04F79EFBC}") = "Calender", "Calender\Calender.csproj", "{49E392FC-6DE3-4A37-B493-15EFB9F74151}"
EndProject
Project("{2150E333-8FDC-42A3-9474-1A3956D46DE8}") = "Impl", "Impl", "{C75FE2E8-233D-4733-9E5C-87A6B7BBC1A7}"
EndProject
Project("{2150E333-8FDC-42A3-9474-1A3956D46DE8}") = "Test", "Test", "{C178FB19-88C5-49A5-A96B-FFD6C8BE2E21}"
EndProject
Project("{FAE04EC0-301F-11D3-BF4B-00C04F79EFBC}") = "Insurance", "Insurance\Insurance.csproj", "{9601A270-437B-4971-B9AF-06FDF290B09B}"
EndProject
Project("{FAE04EC0-301F-11D3-BF4B-00C04F79EFBC}") = "CalenderTests", "CalenderTests\CalenderTests.csproj", "{66043CA4-59DD-43C4-9127-169C50BE443E}"
EndProject
Project("{FAE04EC0-301F-11D3-BF4B-00C04F79EFBC}") = "InsuranceTests", "InsuranceTests\InsuranceTests.csproj", "{7249FEB5-BFC6-451A-9842-8C1B97BD97F1}"
EndProject
Global
	GlobalSection(SolutionConfigurationPlatforms) = preSolution
		Debug|Any CPU = Debug|Any CPU
		Release|Any CPU = Release|Any CPU
	EndGlobalSection
	GlobalSection(ProjectConfigurationPlatforms) = postSolution
		{49E392FC-6DE3-4A37-B493-15EFB9F74151}.Debug|Any CPU.ActiveCfg = Debug|Any CPU
		{49E392FC-6DE3-4A37-B493-15EFB9F74151}.Debug|Any CPU.Build.0 = Debug|Any CPU
		{49E392FC-6DE3-4A37-B493-15EFB9F74151}.Release|Any CPU.ActiveCfg = Release|Any CPU
		{49E392FC-6DE3-4A37-B493-15EFB9F74151}.Release|Any CPU.Build.0 = Release|Any CPU
		{9601A270-437B-4971-B9AF-06FDF290B09B}.Debug|Any CPU.ActiveCfg = Debug|Any CPU
		{9601A270-437B-4971-B9AF-06FDF290B09B}.Debug|Any CPU.Build.0 = Debug|Any CPU
		{9601A270-437B-4971-B9AF-06FDF290B09B}.Release|Any CPU.ActiveCfg = Release|Any CPU
		{9601A270-437B-4971-B9AF-06FDF290B09B}.Release|Any CPU.Build.0 = Release|Any CPU
		{66043CA4-59DD-43C4-9127-169C50BE443E}.Debug|Any CPU.ActiveCfg = Debug|Any CPU
		{66043CA4-59DD-43C4-9127-169C50BE443E}.Debug|Any CPU.Build.0 = Debug|Any CPU
		{66043CA4-59DD-43C4-9127-169C50BE443E}.Release|Any CPU.ActiveCfg = Release|Any CPU
		{66043CA4-59DD-43C4-9127-169C50BE443E}.Release|Any CPU.Build.0 = Release|Any CPU
		{7249FEB5-BFC6-451A-9842-8C1B97BD97F1}.Debug|Any CPU.ActiveCfg = Debug|Any CPU
		{7249FEB5-BFC6-451A-9842-8C1B97BD97F1}.Debug|Any CPU.Build.0 = Debug|Any CPU
		{7249FEB5-BFC6-451A-9842-8C1B97BD97F1}.Release|Any CPU.ActiveCfg = Release|Any CPU
		{7249FEB5-BFC6-451A-9842-8C1B97BD97F1}.Release|Any CPU.Build.0 = Release|Any CPU
	EndGlobalSection
	GlobalSection(SolutionProperties) = preSolution
		HideSolutionNode = FALSE
	EndGlobalSection
	GlobalSection(NestedProjects) = preSolution
		{49E392FC-6DE3-4A37-B493-15EFB9F74151} = {C75FE2E8-233D-4733-9E5C-87A6B7BBC1A7}
		{9601A270-437B-4971-B9AF-06FDF290B09B} = {C75FE2E8-233D-4733-9E5C-87A6B7BBC1A7}
		{66043CA4-59DD-43C4-9127-169C50BE443E} = {C178FB19-88C5-49A5-A96B-FFD6C8BE2E21}
		{7249FEB5-BFC6-451A-9842-8C1B97BD97F1} = {C178FB19-88C5-49A5-A96B-FFD6C8BE2E21}
	EndGlobalSection
EndGlobal
